{
  "name": "ibcol_old-master",
  "version": "1.0.0",
  "lockfileVersion": 1,
  "requires": true,
  "dependencies": {
    "flag-icon-css": {
      "version": "3.4.6",
      "resolved": "https://registry.npmjs.org/flag-icon-css/-/flag-icon-css-3.4.6.tgz",
      "integrity": "sha512-rF69rt19Hr63SRQTiPBzQABaYB20LAgZhDkr/AxqSdgmCIN+tC5PRMz56Y0gxehFXJmdRwv55+GMi7R1fCRTwg=="
    }
  }
}
